
Microsoft Visual Studio Solution File, Format Version 12.00
# Visual Studio Version 17
VisualStudioVersion = 17.1.32407.343
MinimumVisualStudioVersion = 10.0.40219.1
Project("{FAE04EC0-301F-11D3-BF4B-00C04F79EFBC}") = "AnimeCharacterAPI", "AnimeCharacterAPI.csproj", "{7EEA8E6D-9D9A-4161-BCB3-FFC495C1799B}"
EndProject
Global
	GlobalSection(SolutionConfigurationPlatforms) = preSolution
		Debug|Any CPU = Debug|Any CPU
		Release|Any CPU = Release|Any CPU
	EndGlobalSection
	GlobalSection(ProjectConfigurationPlatforms) = postSolution
		{7EEA8E6D-9D9A-4161-BCB3-FFC495C1799B}.Debug|Any CPU.ActiveCfg = Debug|Any CPU
		{7EEA8E6D-9D9A-4161-BCB3-FFC495C1799B}.Debug|Any CPU.Build.0 = Debug|Any CPU
		{7EEA8E6D-9D9A-4161-BCB3-FFC495C1799B}.Release|Any CPU.ActiveCfg = Release|Any CPU
		{7EEA8E6D-9D9A-4161-BCB3-FFC495C1799B}.Release|Any CPU.Build.0 = Release|Any CPU
	EndGlobalSection
	GlobalSection(SolutionProperties) = preSolution
		HideSolutionNode = FALSE
	EndGlobalSection
	GlobalSection(ExtensibilityGlobals) = postSolution
		SolutionGuid = {87533FBE-CA5A-428F-85D9-ED33F3400B9E}
	EndGlobalSection
EndGlobal
